
Microsoft Visual Studio Solution File, Format Version 12.00
# Visual Studio Version 17
VisualStudioVersion = 17.4.33110.190
MinimumVisualStudioVersion = 10.0.40219.1
Project("{8BC9CEB8-8B4A-11D0-8D11-00A0C91BC942}") = "lab2", "lab2.vcxproj", "{CCAB7C31-A888-442A-A2CA-DE527AE3B9B2}"
EndProject
Global
	GlobalSection(SolutionConfigurationPlatforms) = preSolution
		Debug|x64 = Debug|x64
		Debug|x86 = Debug|x86
		Release|x64 = Release|x64
		Release|x86 = Release|x86
	EndGlobalSection
	GlobalSection(ProjectConfigurationPlatforms) = postSolution
		{CCAB7C31-A888-442A-A2CA-DE527AE3B9B2}.Debug|x64.ActiveCfg = Debug|x64
		{CCAB7C31-A888-442A-A2CA-DE527AE3B9B2}.Debug|x64.Build.0 = Debug|x64
		{CCAB7C31-A888-442A-A2CA-DE527AE3B9B2}.Debug|x86.ActiveCfg = Debug|Win32
		{CCAB7C31-A888-442A-A2CA-DE527AE3B9B2}.Debug|x86.Build.0 = Debug|Win32
		{CCAB7C31-A888-442A-A2CA-DE527AE3B9B2}.Release|x64.ActiveCfg = Release|x64
		{CCAB7C31-A888-442A-A2CA-DE527AE3B9B2}.Release|x64.Build.0 = Release|x64
		{CCAB7C31-A888-442A-A2CA-DE527AE3B9B2}.Release|x86.ActiveCfg = Release|Win32
		{CCAB7C31-A888-442A-A2CA-DE527AE3B9B2}.Release|x86.Build.0 = Release|Win32
	EndGlobalSection
	GlobalSection(SolutionProperties) = preSolution
		HideSolutionNode = FALSE
	EndGlobalSection
	GlobalSection(ExtensibilityGlobals) = postSolution
		SolutionGuid = {A1B96F3B-FF11-4194-A248-0C8C2DE17380}
	EndGlobalSection
EndGlobal
